
Microsoft Visual Studio Solution File, Format Version 12.00
# Visual Studio 15
VisualStudioVersion = 15.0.26430.14
MinimumVisualStudioVersion = 10.0.40219.1
Project("{FAE04EC0-301F-11D3-BF4B-00C04F79EFBC}") = "DataViewApi", "DataViewApi\DataViewApi.csproj", "{6973DC34-F253-494A-91FA-87E078251C81}"
EndProject
Project("{FAE04EC0-301F-11D3-BF4B-00C04F79EFBC}") = "DataViewDataAccess", "DataViewDataAccess\DataViewDataAccess.csproj", "{0F7F164D-10F3-4329-8DDF-7132266452D5}"
EndProject
Project("{FAE04EC0-301F-11D3-BF4B-00C04F79EFBC}") = "angularDataGrid", "angularDataGrid\angularDataGrid.csproj", "{166CC14B-DFFC-46A9-8AC0-816C1E451B04}"
EndProject
Project("{FAE04EC0-301F-11D3-BF4B-00C04F79EFBC}") = "DataViewService", "DataViewService\DataViewService.csproj", "{DCA94D2D-CA65-4B91-A8FC-4D0A5E5C7256}"
EndProject
Global
	GlobalSection(SolutionConfigurationPlatforms) = preSolution
		Debug|Any CPU = Debug|Any CPU
		Release|Any CPU = Release|Any CPU
	EndGlobalSection
	GlobalSection(ProjectConfigurationPlatforms) = postSolution
		{6973DC34-F253-494A-91FA-87E078251C81}.Debug|Any CPU.ActiveCfg = Debug|Any CPU
		{6973DC34-F253-494A-91FA-87E078251C81}.Debug|Any CPU.Build.0 = Debug|Any CPU
		{6973DC34-F253-494A-91FA-87E078251C81}.Release|Any CPU.ActiveCfg = Release|Any CPU
		{6973DC34-F253-494A-91FA-87E078251C81}.Release|Any CPU.Build.0 = Release|Any CPU
		{0F7F164D-10F3-4329-8DDF-7132266452D5}.Debug|Any CPU.ActiveCfg = Debug|Any CPU
		{0F7F164D-10F3-4329-8DDF-7132266452D5}.Debug|Any CPU.Build.0 = Debug|Any CPU
		{0F7F164D-10F3-4329-8DDF-7132266452D5}.Release|Any CPU.ActiveCfg = Release|Any CPU
		{0F7F164D-10F3-4329-8DDF-7132266452D5}.Release|Any CPU.Build.0 = Release|Any CPU
		{166CC14B-DFFC-46A9-8AC0-816C1E451B04}.Debug|Any CPU.ActiveCfg = Debug|Any CPU
		{166CC14B-DFFC-46A9-8AC0-816C1E451B04}.Debug|Any CPU.Build.0 = Debug|Any CPU
		{166CC14B-DFFC-46A9-8AC0-816C1E451B04}.Release|Any CPU.ActiveCfg = Release|Any CPU
		{166CC14B-DFFC-46A9-8AC0-816C1E451B04}.Release|Any CPU.Build.0 = Release|Any CPU
		{DCA94D2D-CA65-4B91-A8FC-4D0A5E5C7256}.Debug|Any CPU.ActiveCfg = Debug|Any CPU
		{DCA94D2D-CA65-4B91-A8FC-4D0A5E5C7256}.Debug|Any CPU.Build.0 = Debug|Any CPU
		{DCA94D2D-CA65-4B91-A8FC-4D0A5E5C7256}.Release|Any CPU.ActiveCfg = Release|Any CPU
		{DCA94D2D-CA65-4B91-A8FC-4D0A5E5C7256}.Release|Any CPU.Build.0 = Release|Any CPU
	EndGlobalSection
	GlobalSection(SolutionProperties) = preSolution
		HideSolutionNode = FALSE
	EndGlobalSection
EndGlobal
